
Microsoft Visual Studio Solution File, Format Version 12.00
# Visual Studio Version 17
VisualStudioVersion = 17.4.33403.182
MinimumVisualStudioVersion = 10.0.40219.1
Project("{FAE04EC0-301F-11D3-BF4B-00C04F79EFBC}") = "API", "API\API.csproj", "{B94A9DD2-9B52-4B59-A24E-D56506EF5F0B}"
EndProject
Global
	GlobalSection(SolutionConfigurationPlatforms) = preSolution
		Debug|Any CPU = Debug|Any CPU
		Release|Any CPU = Release|Any CPU
	EndGlobalSection
	GlobalSection(ProjectConfigurationPlatforms) = postSolution
		{B94A9DD2-9B52-4B59-A24E-D56506EF5F0B}.Debug|Any CPU.ActiveCfg = Debug|Any CPU
		{B94A9DD2-9B52-4B59-A24E-D56506EF5F0B}.Debug|Any CPU.Build.0 = Debug|Any CPU
		{B94A9DD2-9B52-4B59-A24E-D56506EF5F0B}.Release|Any CPU.ActiveCfg = Release|Any CPU
		{B94A9DD2-9B52-4B59-A24E-D56506EF5F0B}.Release|Any CPU.Build.0 = Release|Any CPU
	EndGlobalSection
	GlobalSection(SolutionProperties) = preSolution
		HideSolutionNode = FALSE
	EndGlobalSection
	GlobalSection(ExtensibilityGlobals) = postSolution
		SolutionGuid = {2FB40157-0DB9-4686-9639-310ED03A05D6}
	EndGlobalSection
EndGlobal
